// !$*UTF8*$!
{
	archiveVersion = 1;
	classes = {
	};
	objectVersion = 46;
	objects = {

/* Begin PBXBuildFile section */
		96E1363A1AA8DE1700012BF5 /* AppDelegate.swift in Sources */ = {isa = PBXBuildFile; fileRef = 96E136391AA8DE1700012BF5 /* AppDelegate.swift */; };
		96E1363C1AA8DE1700012BF5 /* ViewController.swift in Sources */ = {isa = PBXBuildFile; fileRef = 96E1363B1AA8DE1700012BF5 /* ViewController.swift */; };
		96E1363F1AA8DE1700012BF5 /* Main.storyboard in Resources */ = {isa = PBXBuildFile; fileRef = 96E1363D1AA8DE1700012BF5 /* Main.storyboard */; };
		96E136411AA8DE1700012BF5 /* Images.xcassets in Resources */ = {isa = PBXBuildFile; fileRef = 96E136401AA8DE1700012BF5 /* Images.xcassets */; };
		96E136441AA8DE1700012BF5 /* LaunchScreen.xib in Resources */ = {isa = PBXBuildFile; fileRef = 96E136421AA8DE1700012BF5 /* LaunchScreen.xib */; };
		96E136501AA8DE1800012BF5 /* christmasGiftTests.swift in Sources */ = {isa = PBXBuildFile; fileRef = 96E1364F1AA8DE1800012BF5 /* christmasGiftTests.swift */; };
		96E136631AA8DE6800012BF5 /* InterfaceController.swift in Sources */ = {isa = PBXBuildFile; fileRef = 96E136621AA8DE6800012BF5 /* InterfaceController.swift */; };
		96E136651AA8DE6800012BF5 /* NotificationController.swift in Sources */ = {isa = PBXBuildFile; fileRef = 96E136641AA8DE6800012BF5 /* NotificationController.swift */; };
		96E136671AA8DE6800012BF5 /* Images.xcassets in Resources */ = {isa = PBXBuildFile; fileRef = 96E136661AA8DE6800012BF5 /* Images.xcassets */; };
		96E1366B1AA8DE6800012BF5 /* christmasGift WatchKit App.app in Resources */ = {isa = PBXBuildFile; fileRef = 96E1366A1AA8DE6800012BF5 /* christmasGift WatchKit App.app */; };
		96E136731AA8DE6800012BF5 /* Interface.storyboard in Resources */ = {isa = PBXBuildFile; fileRef = 96E136711AA8DE6800012BF5 /* Interface.storyboard */; };
		96E136751AA8DE6800012BF5 /* Images.xcassets in Resources */ = {isa = PBXBuildFile; fileRef = 96E136741AA8DE6800012BF5 /* Images.xcassets */; };
		96E136781AA8DE6800012BF5 /* christmasGift WatchKit Extension.appex in Embed App Extensions */ = {isa = PBXBuildFile; fileRef = 96E1365D1AA8DE6800012BF5 /* christmasGift WatchKit Extension.appex */; settings = {ATTRIBUTES = (RemoveHeadersOnCopy, ); }; };
/* End PBXBuildFile section */

/* Begin PBXContainerItemProxy section */
		96E1364A1AA8DE1800012BF5 /* PBXContainerItemProxy */ = {
			isa = PBXContainerItemProxy;
			containerPortal = 96E1362C1AA8DE1700012BF5 /* Project object */;
			proxyType = 1;
			remoteGlobalIDString = 96E136331AA8DE1700012BF5;
			remoteInfo = christmasGift;
		};
		96E1366C1AA8DE6800012BF5 /* PBXContainerItemProxy */ = {
			isa = PBXContainerItemProxy;
			containerPortal = 96E1362C1AA8DE1700012BF5 /* Project object */;
			proxyType = 1;
			remoteGlobalIDString = 96E136691AA8DE6800012BF5;
			remoteInfo = "christmasGift WatchKit App";
		};
		96E136761AA8DE6800012BF5 /* PBXContainerItemProxy */ = {
			isa = PBXContainerItemProxy;
			containerPortal = 96E1362C1AA8DE1700012BF5 /* Project object */;
			proxyType = 1;
			remoteGlobalIDString = 96E1365C1AA8DE6800012BF5;
			remoteInfo = "christmasGift WatchKit Extension";
		};
/* End PBXContainerItemProxy section */

/* Begin PBXCopyFilesBuildPhase section */
		96E1367F1AA8DE6800012BF5 /* Embed App Extensions */ = {
			isa = PBXCopyFilesBuildPhase;
			buildActionMask = 2147483647;
			dstPath = "";
			dstSubfolderSpec = 13;
			files = (
				96E136781AA8DE6800012BF5 /* christmasGift WatchKit Extension.appex in Embed App Extensions */,
			);
			name = "Embed App Extensions";
			runOnlyForDeploymentPostprocessing = 0;
		};
/* End PBXCopyFilesBuildPhase section */

/* Begin PBXFileReference section */
		96E136341AA8DE1700012BF5 /* christmasGift.app */ = {isa = PBXFileReference; explicitFileType = wrapper.application; includeInIndex = 0; path = christmasGift.app; sourceTree = BUILT_PRODUCTS_DIR; };
		96E136381AA8DE1700012BF5 /* Info.plist */ = {isa = PBXFileReference; lastKnownFileType = text.plist.xml; path = Info.plist; sourceTree = "<group>"; };
		96E136391AA8DE1700012BF5 /* AppDelegate.swift */ = {isa = PBXFileReference; lastKnownFileType = sourcecode.swift; path = AppDelegate.swift; sourceTree = "<group>"; };
		96E1363B1AA8DE1700012BF5 /* ViewController.swift */ = {isa = PBXFileReference; lastKnownFileType = sourcecode.swift; path = ViewController.swift; sourceTree = "<group>"; };
		96E1363E1AA8DE1700012BF5 /* Base */ = {isa = PBXFileReference; lastKnownFileType = file.storyboard; name = Base; path = Base.lproj/Main.storyboard; sourceTree = "<group>"; };
		96E136401AA8DE1700012BF5 /* Images.xcassets */ = {isa = PBXFileReference; lastKnownFileType = folder.assetcatalog; path = Images.xcassets; sourceTree = "<group>"; };
		96E136431AA8DE1700012BF5 /* Base */ = {isa = PBXFileReference; lastKnownFileType = file.xib; name = Base; path = Base.lproj/LaunchScreen.xib; sourceTree = "<group>"; };
		96E136491AA8DE1800012BF5 /* christmasGiftTests.xctest */ = {isa = PBXFileReference; explicitFileType = wrapper.cfbundle; includeInIndex = 0; path = christmasGiftTests.xctest; sourceTree = BUILT_PRODUCTS_DIR; };
		96E1364E1AA8DE1800012BF5 /* Info.plist */ = {isa = PBXFileReference; lastKnownFileType = text.plist.xml; path = Info.plist; sourceTree = "<group>"; };
		96E1364F1AA8DE1800012BF5 /* christmasGiftTests.swift */ = {isa = PBXFileReference; lastKnownFileType = sourcecode.swift; path = christmasGiftTests.swift; sourceTree = "<group>"; };
		96E1365D1AA8DE6800012BF5 /* christmasGift WatchKit Extension.appex */ = {isa = PBXFileReference; explicitFileType = "wrapper.app-extension"; includeInIndex = 0; path = "christmasGift WatchKit Extension.appex"; sourceTree = BUILT_PRODUCTS_DIR; };
		96E136601AA8DE6800012BF5 /* Info.plist */ = {isa = PBXFileReference; lastKnownFileType = text.plist.xml; path = Info.plist; sourceTree = "<group>"; };
		96E136611AA8DE6800012BF5 /* PushNotificationPayload.apns */ = {isa = PBXFileReference; lastKnownFileType = text; path = PushNotificationPayload.apns; sourceTree = "<group>"; };
		96E136621AA8DE6800012BF5 /* InterfaceController.swift */ = {isa = PBXFileReference; lastKnownFileType = sourcecode.swift; path = InterfaceController.swift; sourceTree = "<group>"; };
		96E136641AA8DE6800012BF5 /* NotificationController.swift */ = {isa = PBXFileReference; lastKnownFileType = sourcecode.swift; path = NotificationController.swift; sourceTree = "<group>"; };
		96E136661AA8DE6800012BF5 /* Images.xcassets */ = {isa = PBXFileReference; lastKnownFileType = folder.assetcatalog; path = Images.xcassets; sourceTree = "<group>"; };
		96E1366A1AA8DE6800012BF5 /* christmasGift WatchKit App.app */ = {isa = PBXFileReference; explicitFileType = wrapper.application; includeInIndex = 0; path = "christmasGift WatchKit App.app"; sourceTree = BUILT_PRODUCTS_DIR; };
		96E136701AA8DE6800012BF5 /* Info.plist */ = {isa = PBXFileReference; lastKnownFileType = text.plist.xml; path = Info.plist; sourceTree = "<group>"; };
		96E136721AA8DE6800012BF5 /* Base */ = {isa = PBXFileReference; lastKnownFileType = file.storyboard; name = Base; path = Base.lproj/Interface.storyboard; sourceTree = "<group>"; };
		96E136741AA8DE6800012BF5 /* Images.xcassets */ = {isa = PBXFileReference; lastKnownFileType = folder.assetcatalog; path = Images.xcassets; sourceTree = "<group>"; };
/* End PBXFileReference section */

/* Begin PBXFrameworksBuildPhase section */
		96E136311AA8DE1700012BF5 /* Frameworks */ = {
			isa = PBXFrameworksBuildPhase;
			buildActionMask = 2147483647;
			files = (
			);
			runOnlyForDeploymentPostprocessing = 0;
		};
		96E136461AA8DE1800012BF5 /* Frameworks */ = {
			isa = PBXFrameworksBuildPhase;
			buildActionMask = 2147483647;
			files = (
			);
			runOnlyForDeploymentPostprocessing = 0;
		};
		96E1365A1AA8DE6800012BF5 /* Frameworks */ = {
			isa = PBXFrameworksBuildPhase;
			buildActionMask = 2147483647;
			files = (
			);
			runOnlyForDeploymentPostprocessing = 0;
		};
/* End PBXFrameworksBuildPhase section */

/* Begin PBXGroup section */
		96E1362B1AA8DE1700012BF5 = {
			isa = PBXGroup;
			children = (
				96E136361AA8DE1700012BF5 /* christmasGift */,
				96E1364C1AA8DE1800012BF5 /* christmasGiftTests */,
				96E1365E1AA8DE6800012BF5 /* christmasGift WatchKit Extension */,
				96E1366E1AA8DE6800012BF5 /* christmasGift WatchKit App */,
				96E136351AA8DE1700012BF5 /* Products */,
			);
			sourceTree = "<group>";
		};
		96E136351AA8DE1700012BF5 /* Products */ = {
			isa = PBXGroup;
			children = (
				96E136341AA8DE1700012BF5 /* christmasGift.app */,
				96E136491AA8DE1800012BF5 /* christmasGiftTests.xctest */,
				96E1365D1AA8DE6800012BF5 /* christmasGift WatchKit Extension.appex */,
				96E1366A1AA8DE6800012BF5 /* christmasGift WatchKit App.app */,
			);
			name = Products;
			sourceTree = "<group>";
		};
		96E136361AA8DE1700012BF5 /* christmasGift */ = {
			isa = PBXGroup;
			children = (
				96E136391AA8DE1700012BF5 /* AppDelegate.swift */,
				96E1363B1AA8DE1700012BF5 /* ViewController.swift */,
				96E1363D1AA8DE1700012BF5 /* Main.storyboard */,
				96E136401AA8DE1700012BF5 /* Images.xcassets */,
				96E136421AA8DE1700012BF5 /* LaunchScreen.xib */,
				96E136371AA8DE1700012BF5 /* Supporting Files */,
			);
			path = christmasGift;
			sourceTree = "<group>";
		};
		96E136371AA8DE1700012BF5 /* Supporting Files */ = {
			isa = PBXGroup;
			children = (
				96E136381AA8DE1700012BF5 /* Info.plist */,
			);
			name = "Supporting Files";
			sourceTree = "<group>";
		};
		96E1364C1AA8DE1800012BF5 /* christmasGiftTests */ = {
			isa = PBXGroup;
			children = (
				96E1364F1AA8DE1800012BF5 /* christmasGiftTests.swift */,
				96E1364D1AA8DE1800012BF5 /* Supporting Files */,
			);
			path = christmasGiftTests;
			sourceTree = "<group>";
		};
		96E1364D1AA8DE1800012BF5 /* Supporting Files */ = {
			isa = PBXGroup;
			children = (
				96E1364E1AA8DE1800012BF5 /* Info.plist */,
			);
			name = "Supporting Files";
			sourceTree = "<group>";
		};
		96E1365E1AA8DE6800012BF5 /* christmasGift WatchKit Extension */ = {
			isa = PBXGroup;
			children = (
				96E136621AA8DE6800012BF5 /* InterfaceController.swift */,
				96E136641AA8DE6800012BF5 /* NotificationController.swift */,
				96E136661AA8DE6800012BF5 /* Images.xcassets */,
				96E1365F1AA8DE6800012BF5 /* Supporting Files */,
			);
			path = "christmasGift WatchKit Extension";
			sourceTree = "<group>";
		};
		96E1365F1AA8DE6800012BF5 /* Supporting Files */ = {
			isa = PBXGroup;
			children = (
				96E136601AA8DE6800012BF5 /* Info.plist */,
				96E136611AA8DE6800012BF5 /* PushNotificationPayload.apns */,
			);
			name = "Supporting Files";
			sourceTree = "<group>";
		};
		96E1366E1AA8DE6800012BF5 /* christmasGift WatchKit App */ = {
			isa = PBXGroup;
			children = (
				96E136711AA8DE6800012BF5 /* Interface.storyboard */,
				96E136741AA8DE6800012BF5 /* Images.xcassets */,
				96E1366F1AA8DE6800012BF5 /* Supporting Files */,
			);
			path = "christmasGift WatchKit App";
			sourceTree = "<group>";
		};
		96E1366F1AA8DE6800012BF5 /* Supporting Files */ = {
			isa = PBXGroup;
			children = (
				96E136701AA8DE6800012BF5 /* Info.plist */,
			);
			name = "Supporting Files";
			sourceTree = "<group>";
		};
/* End PBXGroup section */

/* Begin PBXNativeTarget section */
		96E136331AA8DE1700012BF5 /* christmasGift */ = {
			isa = PBXNativeTarget;
			buildConfigurationList = 96E136531AA8DE1800012BF5 /* Build configuration list for PBXNativeTarget "christmasGift" */;
			buildPhases = (
				96E136301AA8DE1700012BF5 /* Sources */,
				96E136311AA8DE1700012BF5 /* Frameworks */,
				96E136321AA8DE1700012BF5 /* Resources */,
				96E1367F1AA8DE6800012BF5 /* Embed App Extensions */,
			);
			buildRules = (
			);
			dependencies = (
				96E136771AA8DE6800012BF5 /* PBXTargetDependency */,
			);
			name = christmasGift;
			productName = christmasGift;
			productReference = 96E136341AA8DE1700012BF5 /* christmasGift.app */;
			productType = "com.apple.product-type.application";
		};
		96E136481AA8DE1800012BF5 /* christmasGiftTests */ = {
			isa = PBXNativeTarget;
			buildConfigurationList = 96E136561AA8DE1800012BF5 /* Build configuration list for PBXNativeTarget "christmasGiftTests" */;
			buildPhases = (
				96E136451AA8DE1800012BF5 /* Sources */,
				96E136461AA8DE1800012BF5 /* Frameworks */,
				96E136471AA8DE1800012BF5 /* Resources */,
			);
			buildRules = (
			);
			dependencies = (
				96E1364B1AA8DE1800012BF5 /* PBXTargetDependency */,
			);
			name = christmasGiftTests;
			productName = christmasGiftTests;
			productReference = 96E136491AA8DE1800012BF5 /* christmasGiftTests.xctest */;
			productType = "com.apple.product-type.bundle.unit-test";
		};
		96E1365C1AA8DE6800012BF5 /* christmasGift WatchKit Extension */ = {
			isa = PBXNativeTarget;
			buildConfigurationList = 96E1367C1AA8DE6800012BF5 /* Build configuration list for PBXNativeTarget "christmasGift WatchKit Extension" */;
			buildPhases = (
				96E136591AA8DE6800012BF5 /* Sources */,
				96E1365A1AA8DE6800012BF5 /* Frameworks */,
				96E1365B1AA8DE6800012BF5 /* Resources */,
			);
			buildRules = (
			);
			dependencies = (
				96E1366D1AA8DE6800012BF5 /* PBXTargetDependency */,
			);
			name = "christmasGift WatchKit Extension";
			productName = "christmasGift WatchKit Extension";
			productReference = 96E1365D1AA8DE6800012BF5 /* christmasGift WatchKit Extension.appex */;
			productType = "com.apple.product-type.watchkit-extension";
		};
		96E136691AA8DE6800012BF5 /* christmasGift WatchKit App */ = {
			isa = PBXNativeTarget;
			buildConfigurationList = 96E136791AA8DE6800012BF5 /* Build configuration list for PBXNativeTarget "christmasGift WatchKit App" */;
			buildPhases = (
				96E136681AA8DE6800012BF5 /* Resources */,
			);
			buildRules = (
			);
			dependencies = (
			);
			name = "christmasGift WatchKit App";
			productName = "christmasGift WatchKit App";
			productReference = 96E1366A1AA8DE6800012BF5 /* christmasGift WatchKit App.app */;
			productType = "com.apple.product-type.application.watchapp";
		};
/* End PBXNativeTarget section */

/* Begin PBXProject section */
		96E1362C1AA8DE1700012BF5 /* Project object */ = {
			isa = PBXProject;
			attributes = {
				LastUpgradeCheck = 0630;
				ORGANIZATIONNAME = vinny.co;
				TargetAttributes = {
					96E136331AA8DE1700012BF5 = {
						CreatedOnToolsVersion = 6.3;
					};
					96E136481AA8DE1800012BF5 = {
						CreatedOnToolsVersion = 6.3;
						TestTargetID = 96E136331AA8DE1700012BF5;
					};
					96E1365C1AA8DE6800012BF5 = {
						CreatedOnToolsVersion = 6.3;
					};
					96E136691AA8DE6800012BF5 = {
						CreatedOnToolsVersion = 6.3;
					};
				};
			};
			buildConfigurationList = 96E1362F1AA8DE1700012BF5 /* Build configuration list for PBXProject "christmasGift" */;
			compatibilityVersion = "Xcode 3.2";
			developmentRegion = English;
			hasScannedForEncodings = 0;
			knownRegions = (
				en,
				Base,
			);
			mainGroup = 96E1362B1AA8DE1700012BF5;
			productRefGroup = 96E136351AA8DE1700012BF5 /* Products */;
			projectDirPath = "";
			projectRoot = "";
			targets = (
				96E136331AA8DE1700012BF5 /* christmasGift */,
				96E136481AA8DE1800012BF5 /* christmasGiftTests */,
				96E1365C1AA8DE6800012BF5 /* christmasGift WatchKit Extension */,
				96E136691AA8DE6800012BF5 /* christmasGift WatchKit App */,
			);
		};
/* End PBXProject section */

/* Begin PBXResourcesBuildPhase section */
		96E136321AA8DE1700012BF5 /* Resources */ = {
			isa = PBXResourcesBuildPhase;
			buildActionMask = 2147483647;
			files = (
				96E1363F1AA8DE1700012BF5 /* Main.storyboard in Resources */,
				96E136441AA8DE1700012BF5 /* LaunchScreen.xib in Resources */,
				96E136411AA8DE1700012BF5 /* Images.xcassets in Resources */,
			);
			runOnlyForDeploymentPostprocessing = 0;
		};
		96E136471AA8DE1800012BF5 /* Resources */ = {
			isa = PBXResourcesBuildPhase;
			buildActionMask = 2147483647;
			files = (
			);
			runOnlyForDeploymentPostprocessing = 0;
		};
		96E1365B1AA8DE6800012BF5 /* Resources */ = {
			isa = PBXResourcesBuildPhase;
			buildActionMask = 2147483647;
			files = (
				96E136671AA8DE6800012BF5 /* Images.xcassets in Resources */,
				96E1366B1AA8DE6800012BF5 /* christmasGift WatchKit App.app in Resources */,
			);
			runOnlyForDeploymentPostprocessing = 0;
		};
		96E136681AA8DE6800012BF5 /* Resources */ = {
			isa = PBXResourcesBuildPhase;
			buildActionMask = 2147483647;
			files = (
				96E136731AA8DE6800012BF5 /* Interface.storyboard in Resources */,
				96E136751AA8DE6800012BF5 /* Images.xcassets in Resources */,
			);
			runOnlyForDeploymentPostprocessing = 0;
		};
/* End PBXResourcesBuildPhase section */

/* Begin PBXSourcesBuildPhase section */
		96E136301AA8DE1700012BF5 /* Sources */ = {
			isa = PBXSourcesBuildPhase;
			buildActionMask = 2147483647;
			files = (
				96E1363C1AA8DE1700012BF5 /* ViewController.swift in Sources */,
				96E1363A1AA8DE1700012BF5 /* AppDelegate.swift in Sources */,
			);
			runOnlyForDeploymentPostprocessing = 0;
		};
		96E136451AA8DE1800012BF5 /* Sources */ = {
			isa = PBXSourcesBuildPhase;
			buildActionMask = 2147483647;
			files = (
				96E136501AA8DE1800012BF5 /* christmasGiftTests.swift in Sources */,
			);
			runOnlyForDeploymentPostprocessing = 0;
		};
		96E136591AA8DE6800012BF5 /* Sources */ = {
			isa = PBXSourcesBuildPhase;
			buildActionMask = 2147483647;
			files = (
				96E136651AA8DE6800012BF5 /* NotificationController.swift in Sources */,
				96E136631AA8DE6800012BF5 /* InterfaceController.swift in Sources */,
			);
			runOnlyForDeploymentPostprocessing = 0;
		};
/* End PBXSourcesBuildPhase section */

/* Begin PBXTargetDependency section */
		96E1364B1AA8DE1800012BF5 /* PBXTargetDependency */ = {
			isa = PBXTargetDependency;
			target = 96E136331AA8DE1700012BF5 /* christmasGift */;
			targetProxy = 96E1364A1AA8DE1800012BF5 /* PBXContainerItemProxy */;
		};
		96E1366D1AA8DE6800012BF5 /* PBXTargetDependency */ = {
			isa = PBXTargetDependency;
			target = 96E136691AA8DE6800012BF5 /* christmasGift WatchKit App */;
			targetProxy = 96E1366C1AA8DE6800012BF5 /* PBXContainerItemProxy */;
		};
		96E136771AA8DE6800012BF5 /* PBXTargetDependency */ = {
			isa = PBXTargetDependency;
			target = 96E1365C1AA8DE6800012BF5 /* christmasGift WatchKit Extension */;
			targetProxy = 96E136761AA8DE6800012BF5 /* PBXContainerItemProxy */;
		};
/* End PBXTargetDependency section */

/* Begin PBXVariantGroup section */
		96E1363D1AA8DE1700012BF5 /* Main.storyboard */ = {
			isa = PBXVariantGroup;
			children = (
				96E1363E1AA8DE1700012BF5 /* Base */,
			);
			name = Main.storyboard;
			sourceTree = "<group>";
		};
		96E136421AA8DE1700012BF5 /* LaunchScreen.xib */ = {
			isa = PBXVariantGroup;
			children = (
				96E136431AA8DE1700012BF5 /* Base */,
			);
			name = LaunchScreen.xib;
			sourceTree = "<group>";
		};
		96E136711AA8DE6800012BF5 /* Interface.storyboard */ = {
			isa = PBXVariantGroup;
			children = (
				96E136721AA8DE6800012BF5 /* Base */,
			);
			name = Interface.storyboard;
			sourceTree = "<group>";
		};
/* End PBXVariantGroup section */

/* Begin XCBuildConfiguration section */
		96E136511AA8DE1800012BF5 /* Debug */ = {
			isa = XCBuildConfiguration;
			buildSettings = {
				ALWAYS_SEARCH_USER_PATHS = NO;
				CLANG_CXX_LANGUAGE_STANDARD = "gnu++0x";
				CLANG_CXX_LIBRARY = "libc++";
				CLANG_ENABLE_MODULES = YES;
				CLANG_ENABLE_OBJC_ARC = YES;
				CLANG_WARN_BOOL_CONVERSION = YES;
				CLANG_WARN_CONSTANT_CONVERSION = YES;
				CLANG_WARN_DIRECT_OBJC_ISA_USAGE = YES_ERROR;
				CLANG_WARN_EMPTY_BODY = YES;
				CLANG_WARN_ENUM_CONVERSION = YES;
				CLANG_WARN_INT_CONVERSION = YES;
				CLANG_WARN_OBJC_ROOT_CLASS = YES_ERROR;
				CLANG_WARN_UNREACHABLE_CODE = YES;
				CLANG_WARN__DUPLICATE_METHOD_MATCH = YES;
				"CODE_SIGN_IDENTITY[sdk=iphoneos*]" = "iPhone Developer";
				COPY_PHASE_STRIP = NO;
				DEBUG_INFORMATION_FORMAT = dwarf;
				ENABLE_STRICT_OBJC_MSGSEND = YES;
				GCC_C_LANGUAGE_STANDARD = gnu99;
				GCC_DYNAMIC_NO_PIC = NO;
				GCC_NO_COMMON_BLOCKS = YES;
				GCC_OPTIMIZATION_LEVEL = 0;
				GCC_PREPROCESSOR_DEFINITIONS = (
					"DEBUG=1",
					"$(inherited)",
				);
				GCC_SYMBOLS_PRIVATE_EXTERN = NO;
				GCC_WARN_64_TO_32_BIT_CONVERSION = YES;
				GCC_WARN_ABOUT_RETURN_TYPE = YES_ERROR;
				GCC_WARN_UNDECLARED_SELECTOR = YES;
				GCC_WARN_UNINITIALIZED_AUTOS = YES_AGGRESSIVE;
				GCC_WARN_UNUSED_FUNCTION = YES;
				GCC_WARN_UNUSED_VARIABLE = YES;
				IPHONEOS_DEPLOYMENT_TARGET = 8.3;
				MTL_ENABLE_DEBUG_INFO = YES;
				ONLY_ACTIVE_ARCH = YES;
				SDKROOT = iphoneos;
				SWIFT_OPTIMIZATION_LEVEL = "-Onone";
			};
			name = Debug;
		};
		96E136521AA8DE1800012BF5 /* Release */ = {
			isa = XCBuildConfiguration;
			buildSettings = {
				ALWAYS_SEARCH_USER_PATHS = NO;
				CLANG_CXX_LANGUAGE_STANDARD = "gnu++0x";
				CLANG_CXX_LIBRARY = "libc++";
				CLANG_ENABLE_MODULES = YES;
				CLANG_ENABLE_OBJC_ARC = YES;
				CLANG_WARN_BOOL_CONVERSION = YES;
				CLANG_WARN_CONSTANT_CONVERSION = YES;
				CLANG_WARN_DIRECT_OBJC_ISA_USAGE = YES_ERROR;
				CLANG_WARN_EMPTY_BODY = YES;
				CLANG_WARN_ENUM_CONVERSION = YES;
				CLANG_WARN_INT_CONVERSION = YES;
				CLANG_WARN_OBJC_ROOT_CLASS = YES_ERROR;
				CLANG_WARN_UNREACHABLE_CODE = YES;
				CLANG_WARN__DUPLICATE_METHOD_MATCH = YES;
				"CODE_SIGN_IDENTITY[sdk=iphoneos*]" = "iPhone Developer";
				COPY_PHASE_STRIP = NO;
				DEBUG_INFORMATION_FORMAT = "dwarf-with-dsym";
				ENABLE_NS_ASSERTIONS = NO;
				ENABLE_STRICT_OBJC_MSGSEND = YES;
				GCC_C_LANGUAGE_STANDARD = gnu99;
				GCC_NO_COMMON_BLOCKS = YES;
				GCC_WARN_64_TO_32_BIT_CONVERSION = YES;
				GCC_WARN_ABOUT_RETURN_TYPE = YES_ERROR;
				GCC_WARN_UNDECLARED_SELECTOR = YES;
				GCC_WARN_UNINITIALIZED_AUTOS = YES_AGGRESSIVE;
				GCC_WARN_UNUSED_FUNCTION = YES;
				GCC_WARN_UNUSED_VARIABLE = YES;
				IPHONEOS_DEPLOYMENT_TARGET = 8.3;
				MTL_ENABLE_DEBUG_INFO = NO;
				SDKROOT = iphoneos;
				VALIDATE_PRODUCT = YES;
			};
			name = Release;
		};
		96E136541AA8DE1800012BF5 /* Debug */ = {
			isa = XCBuildConfiguration;
			buildSettings = {
				ASSETCATALOG_COMPILER_APPICON_NAME = AppIcon;
				EMBEDDED_CONTENT_CONTAINS_SWIFT = YES;
				INFOPLIST_FILE = christmasGift/Info.plist;
				LD_RUNPATH_SEARCH_PATHS = "$(inherited) @executable_path/Frameworks";
				PRODUCT_NAME = "$(TARGET_NAME)";
			};
			name = Debug;
		};
		96E136551AA8DE1800012BF5 /* Release */ = {
			isa = XCBuildConfiguration;
			buildSettings = {
				ASSETCATALOG_COMPILER_APPICON_NAME = AppIcon;
				EMBEDDED_CONTENT_CONTAINS_SWIFT = YES;
				INFOPLIST_FILE = christmasGift/Info.plist;
				LD_RUNPATH_SEARCH_PATHS = "$(inherited) @executable_path/Frameworks";
				PRODUCT_NAME = "$(TARGET_NAME)";
			};
			name = Release;
		};
		96E136571AA8DE1800012BF5 /* Debug */ = {
			isa = XCBuildConfiguration;
			buildSettings = {
				BUNDLE_LOADER = "$(TEST_HOST)";
				FRAMEWORK_SEARCH_PATHS = (
					"$(SDKROOT)/Developer/Library/Frameworks",
					"$(inherited)",
				);
				GCC_PREPROCESSOR_DEFINITIONS = (
					"DEBUG=1",
					"$(inherited)",
				);
				INFOPLIST_FILE = christmasGiftTests/Info.plist;
				LD_RUNPATH_SEARCH_PATHS = "$(inherited) @executable_path/Frameworks @loader_path/Frameworks";
				PRODUCT_NAME = "$(TARGET_NAME)";
				TEST_HOST = "$(BUILT_PRODUCTS_DIR)/christmasGift.app/christmasGift";
			};
			name = Debug;
		};
		96E136581AA8DE1800012BF5 /* Release */ = {
			isa = XCBuildConfiguration;
			buildSettings = {
				BUNDLE_LOADER = "$(TEST_HOST)";
				FRAMEWORK_SEARCH_PATHS = (
					"$(SDKROOT)/Developer/Library/Frameworks",
					"$(inherited)",
				);
				INFOPLIST_FILE = christmasGiftTests/Info.plist;
				LD_RUNPATH_SEARCH_PATHS = "$(inherited) @executable_path/Frameworks @loader_path/Frameworks";
				PRODUCT_NAME = "$(TARGET_NAME)";
				TEST_HOST = "$(BUILT_PRODUCTS_DIR)/christmasGift.app/christmasGift";
			};
			name = Release;
		};
		96E1367A1AA8DE6800012BF5 /* Debug */ = {
			isa = XCBuildConfiguration;
			buildSettings = {
				ASSETCATALOG_COMPILER_APPICON_NAME = AppIcon;
				GCC_PREPROCESSOR_DEFINITIONS = (
					"DEBUG=1",
					"$(inherited)",
				);
				IBSC_MODULE = christmasGift_WatchKit_Extension;
				INFOPLIST_FILE = "christmasGift WatchKit App/Info.plist";
				PRODUCT_NAME = "$(TARGET_NAME)";
				SKIP_INSTALL = YES;
				TARGETED_DEVICE_FAMILY = 4;
				"TARGETED_DEVICE_FAMILY[sdk=iphonesimulator*]" = "1,4";
			};
			name = Debug;
		};
		96E1367B1AA8DE6800012BF5 /* Release */ = {
			isa = XCBuildConfiguration;
			buildSettings = {
				ASSETCATALOG_COMPILER_APPICON_NAME = AppIcon;
				IBSC_MODULE = christmasGift_WatchKit_Extension;
				INFOPLIST_FILE = "christmasGift WatchKit App/Info.plist";
				PRODUCT_NAME = "$(TARGET_NAME)";
				SKIP_INSTALL = YES;
				TARGETED_DEVICE_FAMILY = 4;
				"TARGETED_DEVICE_FAMILY[sdk=iphonesimulator*]" = "1,4";
			};
			name = Release;
		};
		96E1367D1AA8DE6800012BF5 /* Debug */ = {
			isa = XCBuildConfiguration;
			buildSettings = {
				GCC_PREPROCESSOR_DEFINITIONS = (
					"DEBUG=1",
					"$(inherited)",
				);
				INFOPLIST_FILE = "christmasGift WatchKit Extension/Info.plist";
				LD_RUNPATH_SEARCH_PATHS = "$(inherited) @executable_path/Frameworks @executable_path/../../Frameworks";
				PRODUCT_NAME = "${TARGET_NAME}";
				SKIP_INSTALL = YES;
			};
			name = Debug;
		};
		96E1367E1AA8DE6800012BF5 /* Release */ = {
			isa = XCBuildConfiguration;
			buildSettings = {
				INFOPLIST_FILE = "christmasGift WatchKit Extension/Info.plist";
				LD_RUNPATH_SEARCH_PATHS = "$(inherited) @executable_path/Frameworks @executable_path/../../Frameworks";
				PRODUCT_NAME = "${TARGET_NAME}";
				SKIP_INSTALL = YES;
			};
			name = Release;
		};
/* End XCBuildConfiguration section */

/* Begin XCConfigurationList section */
		96E1362F1AA8DE1700012BF5 /* Build configuration list for PBXProject "christmasGift" */ = {
			isa = XCConfigurationList;
			buildConfigurations = (
				96E136511AA8DE1800012BF5 /* Debug */,
				96E136521AA8DE1800012BF5 /* Release */,
			);
			defaultConfigurationIsVisible = 0;
			defaultConfigurationName = Release;
		};
		96E136531AA8DE1800012BF5 /* Build configuration list for PBXNativeTarget "christmasGift" */ = {
			isa = XCConfigurationList;
			buildConfigurations = (
				96E136541AA8DE1800012BF5 /* Debug */,
				96E136551AA8DE1800012BF5 /* Release */,
			);
			defaultConfigurationIsVisible = 0;
		};
		96E136561AA8DE1800012BF5 /* Build configuration list for PBXNativeTarget "christmasGiftTests" */ = {
			isa = XCConfigurationList;
			buildConfigurations = (
				96E136571AA8DE1800012BF5 /* Debug */,
				96E136581AA8DE1800012BF5 /* Release */,
			);
			defaultConfigurationIsVisible = 0;
		};
		96E136791AA8DE6800012BF5 /* Build configuration list for PBXNativeTarget "christmasGift WatchKit App" */ = {
			isa = XCConfigurationList;
			buildConfigurations = (
				96E1367A1AA8DE6800012BF5 /* Debug */,
				96E1367B1AA8DE6800012BF5 /* Release */,
			);
			defaultConfigurationIsVisible = 0;
		};
		96E1367C1AA8DE6800012BF5 /* Build configuration list for PBXNativeTarget "christmasGift WatchKit Extension" */ = {
			isa = XCConfigurationList;
			buildConfigurations = (
				96E1367D1AA8DE6800012BF5 /* Debug */,
				96E1367E1AA8DE6800012BF5 /* Release */,
			);
			defaultConfigurationIsVisible = 0;
		};
/* End XCConfigurationList section */
	};
	rootObject = 96E1362C1AA8DE1700012BF5 /* Project object */;
}
